
Microsoft Visual Studio Solution File, Format Version 12.00
# Visual Studio Version 16
VisualStudioVersion = 16.0.31515.178
MinimumVisualStudioVersion = 10.0.40219.1
Project("{2150E333-8FDC-42A3-9474-1A3956D46DE8}") = "BusinessLogic", "BusinessLogic", "{CDBEF316-ECCC-4795-BFFE-ECAA90AB231C}"
EndProject
Project("{9A19103F-16F7-4668-BE54-9A1E7A4F7556}") = "SudokuResolver.BusinessLogic", "SudokuResolver.BusinessLogic\SudokuResolver.BusinessLogic.csproj", "{C39D8FE4-1915-4DE8-A2B8-5A304A98E27C}"
EndProject
Project("{2150E333-8FDC-42A3-9474-1A3956D46DE8}") = "PresentationLayer", "PresentationLayer", "{DCC43C9A-1C54-4B8D-8C31-D0B0C642BD2C}"
EndProject
Project("{9A19103F-16F7-4668-BE54-9A1E7A4F7556}") = "SudokuResolver.ConsoleApplication", "SudokuResolver.ConsoleApplication\SudokuResolver.ConsoleApplication.csproj", "{322A1E16-5042-4DB9-98AB-DA34B8DB534A}"
EndProject
Global
	GlobalSection(SolutionConfigurationPlatforms) = preSolution
		Debug|Any CPU = Debug|Any CPU
		Release|Any CPU = Release|Any CPU
	EndGlobalSection
	GlobalSection(ProjectConfigurationPlatforms) = postSolution
		{C39D8FE4-1915-4DE8-A2B8-5A304A98E27C}.Debug|Any CPU.ActiveCfg = Debug|Any CPU
		{C39D8FE4-1915-4DE8-A2B8-5A304A98E27C}.Debug|Any CPU.Build.0 = Debug|Any CPU
		{C39D8FE4-1915-4DE8-A2B8-5A304A98E27C}.Release|Any CPU.ActiveCfg = Release|Any CPU
		{C39D8FE4-1915-4DE8-A2B8-5A304A98E27C}.Release|Any CPU.Build.0 = Release|Any CPU
		{322A1E16-5042-4DB9-98AB-DA34B8DB534A}.Debug|Any CPU.ActiveCfg = Debug|Any CPU
		{322A1E16-5042-4DB9-98AB-DA34B8DB534A}.Debug|Any CPU.Build.0 = Debug|Any CPU
		{322A1E16-5042-4DB9-98AB-DA34B8DB534A}.Release|Any CPU.ActiveCfg = Release|Any CPU
		{322A1E16-5042-4DB9-98AB-DA34B8DB534A}.Release|Any CPU.Build.0 = Release|Any CPU
	EndGlobalSection
	GlobalSection(SolutionProperties) = preSolution
		HideSolutionNode = FALSE
	EndGlobalSection
	GlobalSection(NestedProjects) = preSolution
		{C39D8FE4-1915-4DE8-A2B8-5A304A98E27C} = {CDBEF316-ECCC-4795-BFFE-ECAA90AB231C}
		{322A1E16-5042-4DB9-98AB-DA34B8DB534A} = {DCC43C9A-1C54-4B8D-8C31-D0B0C642BD2C}
	EndGlobalSection
	GlobalSection(ExtensibilityGlobals) = postSolution
		SolutionGuid = {DC0CF048-582E-4094-B6B4-947B5DE996F8}
	EndGlobalSection
EndGlobal
